
Microsoft Visual Studio Solution File, Format Version 12.00
# Visual Studio Version 17
VisualStudioVersion = 17.13.35919.96 d17.13
MinimumVisualStudioVersion = 10.0.40219.1
Project("{FAE04EC0-301F-11D3-BF4B-00C04F79EFBC}") = "AppTienda", "AppTienda\AppTienda.csproj", "{5D719228-59BA-43F3-B0D4-0DBC10E22CC1}"
EndProject
Global
	GlobalSection(SolutionConfigurationPlatforms) = preSolution
		Debug|Any CPU = Debug|Any CPU
		Release|Any CPU = Release|Any CPU
	EndGlobalSection
	GlobalSection(ProjectConfigurationPlatforms) = postSolution
		{5D719228-59BA-43F3-B0D4-0DBC10E22CC1}.Debug|Any CPU.ActiveCfg = Debug|Any CPU
		{5D719228-59BA-43F3-B0D4-0DBC10E22CC1}.Debug|Any CPU.Build.0 = Debug|Any CPU
		{5D719228-59BA-43F3-B0D4-0DBC10E22CC1}.Release|Any CPU.ActiveCfg = Release|Any CPU
		{5D719228-59BA-43F3-B0D4-0DBC10E22CC1}.Release|Any CPU.Build.0 = Release|Any CPU
	EndGlobalSection
	GlobalSection(SolutionProperties) = preSolution
		HideSolutionNode = FALSE
	EndGlobalSection
	GlobalSection(ExtensibilityGlobals) = postSolution
		SolutionGuid = {E20F52C2-1BA8-43F6-927A-F22039794C32}
	EndGlobalSection
EndGlobal
